
Microsoft Visual Studio Solution File, Format Version 12.00
# Visual Studio Version 17
VisualStudioVersion = 17.9.34728.123
MinimumVisualStudioVersion = 10.0.40219.1
Project("{FAE04EC0-301F-11D3-BF4B-00C04F79EFBC}") = "MovieTrackerAPI", "MovieTrackerAPI\MovieTrackerAPI.csproj", "{B1E27345-9511-4124-85E4-0F3B3405D93A}"
EndProject
Global
	GlobalSection(SolutionConfigurationPlatforms) = preSolution
		Debug|Any CPU = Debug|Any CPU
		Release|Any CPU = Release|Any CPU
	EndGlobalSection
	GlobalSection(ProjectConfigurationPlatforms) = postSolution
		{B1E27345-9511-4124-85E4-0F3B3405D93A}.Debug|Any CPU.ActiveCfg = Debug|Any CPU
		{B1E27345-9511-4124-85E4-0F3B3405D93A}.Debug|Any CPU.Build.0 = Debug|Any CPU
		{B1E27345-9511-4124-85E4-0F3B3405D93A}.Release|Any CPU.ActiveCfg = Release|Any CPU
		{B1E27345-9511-4124-85E4-0F3B3405D93A}.Release|Any CPU.Build.0 = Release|Any CPU
	EndGlobalSection
	GlobalSection(SolutionProperties) = preSolution
		HideSolutionNode = FALSE
	EndGlobalSection
	GlobalSection(ExtensibilityGlobals) = postSolution
		SolutionGuid = {8C033FA1-3167-4581-9282-26046C09F0BB}
	EndGlobalSection
EndGlobal
